
Microsoft Visual Studio Solution File, Format Version 12.00
# Visual Studio Version 17
VisualStudioVersion = 17.9.34728.123
MinimumVisualStudioVersion = 10.0.40219.1
Project("{9A19103F-16F7-4668-BE54-9A1E7A4F7556}") = "OtakuTracker.Domain", "OtakuTracker.Domain\OtakuTracker.Domain.csproj", "{2301CA22-84BC-483C-AC8D-20B8816EDC20}"
EndProject
Project("{9A19103F-16F7-4668-BE54-9A1E7A4F7556}") = "OtakuTracker.Application", "OtakuTracker.Application\OtakuTracker.Application.csproj", "{C48BC980-9DA5-40E9-8169-5A590A99AD06}"
EndProject
Project("{9A19103F-16F7-4668-BE54-9A1E7A4F7556}") = "OtakuTracker.Infrastructure", "OtakuTracker.Infrastructure\OtakuTracker.Infrastructure.csproj", "{03B83429-3C08-41F2-AC69-42D221B8C949}"
EndProject
Project("{FAE04EC0-301F-11D3-BF4B-00C04F79EFBC}") = "OtakuTracker.WebAPI", "OtakuTracker.WebAPI\OtakuTracker.WebAPI.csproj", "{A74DA581-2529-424E-BF63-74FCAA558049}"
EndProject
Global
	GlobalSection(SolutionConfigurationPlatforms) = preSolution
		Debug|Any CPU = Debug|Any CPU
		Release|Any CPU = Release|Any CPU
	EndGlobalSection
	GlobalSection(ProjectConfigurationPlatforms) = postSolution
		{2301CA22-84BC-483C-AC8D-20B8816EDC20}.Debug|Any CPU.ActiveCfg = Debug|Any CPU
		{2301CA22-84BC-483C-AC8D-20B8816EDC20}.Debug|Any CPU.Build.0 = Debug|Any CPU
		{2301CA22-84BC-483C-AC8D-20B8816EDC20}.Release|Any CPU.ActiveCfg = Release|Any CPU
		{2301CA22-84BC-483C-AC8D-20B8816EDC20}.Release|Any CPU.Build.0 = Release|Any CPU
		{C48BC980-9DA5-40E9-8169-5A590A99AD06}.Debug|Any CPU.ActiveCfg = Debug|Any CPU
		{C48BC980-9DA5-40E9-8169-5A590A99AD06}.Debug|Any CPU.Build.0 = Debug|Any CPU
		{C48BC980-9DA5-40E9-8169-5A590A99AD06}.Release|Any CPU.ActiveCfg = Release|Any CPU
		{C48BC980-9DA5-40E9-8169-5A590A99AD06}.Release|Any CPU.Build.0 = Release|Any CPU
		{03B83429-3C08-41F2-AC69-42D221B8C949}.Debug|Any CPU.ActiveCfg = Debug|Any CPU
		{03B83429-3C08-41F2-AC69-42D221B8C949}.Debug|Any CPU.Build.0 = Debug|Any CPU
		{03B83429-3C08-41F2-AC69-42D221B8C949}.Release|Any CPU.ActiveCfg = Release|Any CPU
		{03B83429-3C08-41F2-AC69-42D221B8C949}.Release|Any CPU.Build.0 = Release|Any CPU
		{A74DA581-2529-424E-BF63-74FCAA558049}.Debug|Any CPU.ActiveCfg = Debug|Any CPU
		{A74DA581-2529-424E-BF63-74FCAA558049}.Debug|Any CPU.Build.0 = Debug|Any CPU
		{A74DA581-2529-424E-BF63-74FCAA558049}.Release|Any CPU.ActiveCfg = Release|Any CPU
		{A74DA581-2529-424E-BF63-74FCAA558049}.Release|Any CPU.Build.0 = Release|Any CPU
	EndGlobalSection
	GlobalSection(SolutionProperties) = preSolution
		HideSolutionNode = FALSE
	EndGlobalSection
	GlobalSection(ExtensibilityGlobals) = postSolution
		SolutionGuid = {6208C93E-5039-4295-B809-31B7A0E2B682}
	EndGlobalSection
EndGlobal
